<?xml version="1.0" encoding="utf-8"?>
<Project ToolsVersion="4.0" xmlns="http://schemas.microsoft.com/developer/msbuild/2003">
  <ItemGroup>
    <Filter Include="base">
      <UniqueIdentifier>{DBBAC0A6-BB0A-CA51-45CC-DA4574B671E6}</UniqueIdentifier>
    </Filter>
    <Filter Include="base\simd">
      <UniqueIdentifier>{D11A6EE5-9897-707D-CCC7-99DBD688FC1F}</UniqueIdentifier>
    </Filter>
    <Filter Include="base">
      <UniqueIdentifier>{DBBAC0A6-BB0A-CA51-45CC-DA4574B671E6}</UniqueIdentifier>
    </Filter>
    <Filter Include="base\simd">
      <UniqueIdentifier>{D11A6EE5-9897-707D-CCC7-99DBD688FC1F}</UniqueIdentifier>
    </Filter>
    <Filter Include="base">
      <UniqueIdentifier>{DBBAC0A6-BB0A-CA51-45CC-DA4574B671E6}</UniqueIdentifier>
    </Filter>
    <Filter Include="base\simd">
      <UniqueIdentifier>{D11A6EE5-9897-707D-CCC7-99DBD688FC1F}</UniqueIdentifier>
    </Filter>
    <Filter Include="base">
      <UniqueIdentifier>{DBBAC0A6-BB0A-CA51-45CC-DA4574B671E6}</UniqueIdentifier>
    </Filter>
    <Filter Include="base\simd">
      <UniqueIdentifier>{D11A6EE5-9897-707D-CCC7-99DBD688FC1F}</UniqueIdentifier>
    </Filter>
    <Filter Include="base">
      <UniqueIdentifier>{DBBAC0A6-BB0A-CA51-45CC-DA4574B671E6}</UniqueIdentifier>
    </Filter>
    <Filter Include="base\simd">
      <UniqueIdentifier>{D11A6EE5-9897-707D-CCC7-99DBD688FC1F}</UniqueIdentifier>
    </Filter>
    <Filter Include="base">
      <UniqueIdentifier>{DBBAC0A6-BB0A-CA51-45CC-DA4574B671E6}</UniqueIdentifier>
    </Filter>
    <Filter Include="base\simd">
      <UniqueIdentifier>{D11A6EE5-9897-707D-CCC7-99DBD688FC1F}</UniqueIdentifier>
    </Filter>
    <Filter Include="base">
      <UniqueIdentifier>{DBBAC0A6-BB0A-CA51-45CC-DA4574B671E6}</UniqueIdentifier>
    </Filter>
    <Filter Include="base\simd">
      <UniqueIdentifier>{D11A6EE5-9897-707D-CCC7-99DBD688FC1F}</UniqueIdentifier>
    </Filter>
    <Filter Include="base">
      <UniqueIdentifier>{DBBAC0A6-BB0A-CA51-45CC-DA4574B671E6}</UniqueIdentifier>
    </Filter>
    <Filter Include="base\simd">
      <UniqueIdentifier>{D11A6EE5-9897-707D-CCC7-99DBD688FC1F}</UniqueIdentifier>
    </Filter>
    <Filter Include="$(OutDir)">
      <UniqueIdentifier>{ECA95933-7FA6-5798-4EC4-C0CAC6DD34DE}</UniqueIdentifier>
    </Filter>
    <Filter Include="..">
      <UniqueIdentifier>{739DB09A-CC57-A953-A6CF-F64FA08E4FA7}</UniqueIdentifier>
    </Filter>
    <Filter Include="..\third_party">
      <UniqueIdentifier>{D6C6CEA7-AAD0-03AD-2394-AC6FCBF8A498}</UniqueIdentifier>
    </Filter>
    <Filter Include="..\third_party\x86inc">
      <UniqueIdentifier>{A2616BF2-CF18-4195-E51C-CBD1054298C1}</UniqueIdentifier>
    </Filter>
    <Filter Include="base">
      <UniqueIdentifier>{DBBAC0A6-BB0A-CA51-45CC-DA4574B671E6}</UniqueIdentifier>
    </Filter>
    <Filter Include="base\simd">
      <UniqueIdentifier>{D11A6EE5-9897-707D-CCC7-99DBD688FC1F}</UniqueIdentifier>
    </Filter>
    <Filter Include="base">
      <UniqueIdentifier>{DBBAC0A6-BB0A-CA51-45CC-DA4574B671E6}</UniqueIdentifier>
    </Filter>
    <Filter Include="base\simd">
      <UniqueIdentifier>{D11A6EE5-9897-707D-CCC7-99DBD688FC1F}</UniqueIdentifier>
    </Filter>
    <Filter Include="base">
      <UniqueIdentifier>{DBBAC0A6-BB0A-CA51-45CC-DA4574B671E6}</UniqueIdentifier>
    </Filter>
    <Filter Include="base\simd">
      <UniqueIdentifier>{D11A6EE5-9897-707D-CCC7-99DBD688FC1F}</UniqueIdentifier>
    </Filter>
    <Filter Include="base">
      <UniqueIdentifier>{DBBAC0A6-BB0A-CA51-45CC-DA4574B671E6}</UniqueIdentifier>
    </Filter>
    <Filter Include="base\simd">
      <UniqueIdentifier>{D11A6EE5-9897-707D-CCC7-99DBD688FC1F}</UniqueIdentifier>
    </Filter>
    <Filter Include="base">
      <UniqueIdentifier>{DBBAC0A6-BB0A-CA51-45CC-DA4574B671E6}</UniqueIdentifier>
    </Filter>
    <Filter Include="base\simd">
      <UniqueIdentifier>{D11A6EE5-9897-707D-CCC7-99DBD688FC1F}</UniqueIdentifier>
    </Filter>
    <Filter Include="base">
      <UniqueIdentifier>{DBBAC0A6-BB0A-CA51-45CC-DA4574B671E6}</UniqueIdentifier>
    </Filter>
    <Filter Include="base\simd">
      <UniqueIdentifier>{D11A6EE5-9897-707D-CCC7-99DBD688FC1F}</UniqueIdentifier>
    </Filter>
    <Filter Include="$(OutDir)gen">
      <UniqueIdentifier>{B54385DA-9AA0-82F8-3CCF-636B21B5C41E}</UniqueIdentifier>
    </Filter>
    <Filter Include="$(OutDir)gen\media">
      <UniqueIdentifier>{2699B576-DA2C-16EE-9C4A-F0CAB500D719}</UniqueIdentifier>
    </Filter>
    <Filter Include="$(OutDir)gen">
      <UniqueIdentifier>{B54385DA-9AA0-82F8-3CCF-636B21B5C41E}</UniqueIdentifier>
    </Filter>
    <Filter Include="$(OutDir)gen\media">
      <UniqueIdentifier>{2699B576-DA2C-16EE-9C4A-F0CAB500D719}</UniqueIdentifier>
    </Filter>
    <Filter Include="$(OutDir)gen">
      <UniqueIdentifier>{B54385DA-9AA0-82F8-3CCF-636B21B5C41E}</UniqueIdentifier>
    </Filter>
    <Filter Include="$(OutDir)gen\media">
      <UniqueIdentifier>{2699B576-DA2C-16EE-9C4A-F0CAB500D719}</UniqueIdentifier>
    </Filter>
    <Filter Include="$(OutDir)gen">
      <UniqueIdentifier>{B54385DA-9AA0-82F8-3CCF-636B21B5C41E}</UniqueIdentifier>
    </Filter>
    <Filter Include="$(OutDir)gen\media">
      <UniqueIdentifier>{2699B576-DA2C-16EE-9C4A-F0CAB500D719}</UniqueIdentifier>
    </Filter>
    <Filter Include="$(OutDir)gen">
      <UniqueIdentifier>{B54385DA-9AA0-82F8-3CCF-636B21B5C41E}</UniqueIdentifier>
    </Filter>
    <Filter Include="$(OutDir)gen\media">
      <UniqueIdentifier>{2699B576-DA2C-16EE-9C4A-F0CAB500D719}</UniqueIdentifier>
    </Filter>
    <Filter Include="$(OutDir)gen">
      <UniqueIdentifier>{B54385DA-9AA0-82F8-3CCF-636B21B5C41E}</UniqueIdentifier>
    </Filter>
    <Filter Include="$(OutDir)gen\media">
      <UniqueIdentifier>{2699B576-DA2C-16EE-9C4A-F0CAB500D719}</UniqueIdentifier>
    </Filter>
    <Filter Include="$(OutDir)gen">
      <UniqueIdentifier>{B54385DA-9AA0-82F8-3CCF-636B21B5C41E}</UniqueIdentifier>
    </Filter>
    <Filter Include="$(OutDir)gen\media">
      <UniqueIdentifier>{2699B576-DA2C-16EE-9C4A-F0CAB500D719}</UniqueIdentifier>
    </Filter>
    <Filter Include="$(OutDir)gen">
      <UniqueIdentifier>{B54385DA-9AA0-82F8-3CCF-636B21B5C41E}</UniqueIdentifier>
    </Filter>
    <Filter Include="$(OutDir)gen\media">
      <UniqueIdentifier>{2699B576-DA2C-16EE-9C4A-F0CAB500D719}</UniqueIdentifier>
    </Filter>
  </ItemGroup>
  <ItemGroup>
    <MASM Include="base\simd\convert_rgb_to_yuv_ssse3.asm">
      <Filter>base\simd</Filter>
    </MASM>
    <MASM Include="base\simd\convert_yuv_to_rgb_sse.asm">
      <Filter>base\simd</Filter>
    </MASM>
    <MASM Include="base\simd\convert_yuva_to_argb_mmx.asm">
      <Filter>base\simd</Filter>
    </MASM>
    <MASM Include="base\simd\empty_register_state_mmx.asm">
      <Filter>base\simd</Filter>
    </MASM>
    <MASM Include="base\simd\linear_scale_yuv_to_rgb_mmx.asm">
      <Filter>base\simd</Filter>
    </MASM>
    <MASM Include="base\simd\linear_scale_yuv_to_rgb_sse.asm">
      <Filter>base\simd</Filter>
    </MASM>
    <MASM Include="base\simd\scale_yuv_to_rgb_mmx.asm">
      <Filter>base\simd</Filter>
    </MASM>
    <MASM Include="base\simd\scale_yuv_to_rgb_sse.asm">
      <Filter>base\simd</Filter>
    </MASM>
    <None Include="media.gyp"/>
    <None Include="$(OutDir)\yasm.exe">
      <Filter>$(OutDir)</Filter>
    </None>
    <MASM Include="..\third_party\x86inc\x86inc.asm">
      <Filter>..\third_party\x86inc</Filter>
    </MASM>
    <None Include="base\simd\convert_rgb_to_yuv_ssse3.inc">
      <Filter>base\simd</Filter>
    </None>
    <None Include="base\simd\convert_yuv_to_rgb_mmx.inc">
      <Filter>base\simd</Filter>
    </None>
    <None Include="base\simd\convert_yuva_to_argb_mmx.inc">
      <Filter>base\simd</Filter>
    </None>
    <None Include="base\simd\linear_scale_yuv_to_rgb_mmx.inc">
      <Filter>base\simd</Filter>
    </None>
    <MASM Include="base\simd\media_export.asm">
      <Filter>base\simd</Filter>
    </MASM>
    <None Include="base\simd\scale_yuv_to_rgb_mmx.inc">
      <Filter>base\simd</Filter>
    </None>
    <None Include="$(OutDir)gen\media\convert_rgb_to_yuv_ssse3.obj">
      <Filter>$(OutDir)gen\media</Filter>
    </None>
    <None Include="$(OutDir)gen\media\convert_yuv_to_rgb_sse.obj">
      <Filter>$(OutDir)gen\media</Filter>
    </None>
    <None Include="$(OutDir)gen\media\convert_yuva_to_argb_mmx.obj">
      <Filter>$(OutDir)gen\media</Filter>
    </None>
    <None Include="$(OutDir)gen\media\empty_register_state_mmx.obj">
      <Filter>$(OutDir)gen\media</Filter>
    </None>
    <None Include="$(OutDir)gen\media\linear_scale_yuv_to_rgb_mmx.obj">
      <Filter>$(OutDir)gen\media</Filter>
    </None>
    <None Include="$(OutDir)gen\media\linear_scale_yuv_to_rgb_sse.obj">
      <Filter>$(OutDir)gen\media</Filter>
    </None>
    <None Include="$(OutDir)gen\media\scale_yuv_to_rgb_mmx.obj">
      <Filter>$(OutDir)gen\media</Filter>
    </None>
    <None Include="$(OutDir)gen\media\scale_yuv_to_rgb_sse.obj">
      <Filter>$(OutDir)gen\media</Filter>
    </None>
  </ItemGroup>
</Project>
