Microsoft Visual Studio Solution File, Format Version 12.00
# Visual Studio 2015
Project("{8BC9CEB8-8B4A-11D0-8D11-00A0C91BC942}") = "openssl", "openssl.vcxproj", "{5C6460DB-F7B1-5315-A0DE-79A9DFC525A1}"
EndProject
Project("{8BC9CEB8-8B4A-11D0-8D11-00A0C91BC942}") = "openssl-cli", "openssl-cli.vcxproj", "{21D888B2-15AC-898B-EA33-9C73445681C1}"
	ProjectSection(ProjectDependencies) = postProject
		{5C6460DB-F7B1-5315-A0DE-79A9DFC525A1} = {5C6460DB-F7B1-5315-A0DE-79A9DFC525A1}
	EndProjectSection
EndProject
Global
	GlobalSection(SolutionConfigurationPlatforms) = preSolution
		Debug|Win32 = Debug|Win32
		Release|Win32 = Release|Win32
	EndGlobalSection
	GlobalSection(ProjectConfigurationPlatforms) = postSolution
		{21D888B2-15AC-898B-EA33-9C73445681C1}.Debug|Win32.ActiveCfg = Debug|Win32
		{21D888B2-15AC-898B-EA33-9C73445681C1}.Debug|Win32.Build.0 = Debug|Win32
		{21D888B2-15AC-898B-EA33-9C73445681C1}.Release|Win32.ActiveCfg = Release|Win32
		{21D888B2-15AC-898B-EA33-9C73445681C1}.Release|Win32.Build.0 = Release|Win32
		{5C6460DB-F7B1-5315-A0DE-79A9DFC525A1}.Debug|Win32.ActiveCfg = Debug|Win32
		{5C6460DB-F7B1-5315-A0DE-79A9DFC525A1}.Debug|Win32.Build.0 = Debug|Win32
		{5C6460DB-F7B1-5315-A0DE-79A9DFC525A1}.Release|Win32.ActiveCfg = Release|Win32
		{5C6460DB-F7B1-5315-A0DE-79A9DFC525A1}.Release|Win32.Build.0 = Release|Win32
	EndGlobalSection
	GlobalSection(SolutionProperties) = preSolution
		HideSolutionNode = FALSE
	EndGlobalSection
EndGlobal
