Microsoft Visual Studio Solution File, Format Version 13.00
# Visual Studio 2013
Project("{2150E333-8FDC-42A3-9474-1A3956D46DE8}") = "(gyp)", "..\tools\gyp", "{7FAA885C-04CF-4C6B-16F0-E9F0B44641AF}"
EndProject
Project("{2150E333-8FDC-42A3-9474-1A3956D46DE8}") = "(icu)", "..\..\third_party\icu", "{2DE59335-96CE-10CA-CDE5-FEC35E3549BB}"
EndProject
Project("{2150E333-8FDC-42A3-9474-1A3956D46DE8}") = "(src)", ".", "{02A4E4A2-4BC8-D359-E2D8-1B05EE708A55}"
EndProject
Project("{2150E333-8FDC-42A3-9474-1A3956D46DE8}") = "(third_party)", "..\..\third_party", "{89C816A7-DD31-D54C-C69C-5A80E0C49B77}"
EndProject
Project("{2150E333-8FDC-42A3-9474-1A3956D46DE8}") = "(tools)", "..\tools", "{E95778BD-E4AC-C3D0-84EF-83684E04593A}"
EndProject
Project("{2150E333-8FDC-42A3-9474-1A3956D46DE8}") = "(v8)", "..", "{F3545621-A177-A1E7-26DB-108FF716F075}"
EndProject
Project("{8BC9CEB8-8B4A-11D0-8D11-00A0C91BC942}") = "copy_icudtl_dat", "..\..\third_party\icu\copy_icudtl_dat.vcxproj", "{BFCB5D07-5CBC-68B3-9444-CAAFB10592C6}"
EndProject
Project("{8BC9CEB8-8B4A-11D0-8D11-00A0C91BC942}") = "d8", "d8.vcxproj", "{62F230DB-3510-9984-FD13-B1A5139F1914}"
EndProject
Project("{8BC9CEB8-8B4A-11D0-8D11-00A0C91BC942}") = "d8_js2c", "d8_js2c.vcxproj", "{13F2A594-4F49-36E9-341B-0C45F4ADE4D6}"
EndProject
Project("{8BC9CEB8-8B4A-11D0-8D11-00A0C91BC942}") = "icudata", "..\..\third_party\icu\icudata.vcxproj", "{5DD7D45F-7BF3-4FAF-8064-59F299F76C79}"
EndProject
Project("{8BC9CEB8-8B4A-11D0-8D11-00A0C91BC942}") = "icui18n", "..\..\third_party\icu\icui18n.vcxproj", "{A7D26319-D3BF-EB93-F552-B3A39660CE84}"
EndProject
Project("{8BC9CEB8-8B4A-11D0-8D11-00A0C91BC942}") = "icuuc", "..\..\third_party\icu\icuuc.vcxproj", "{7D2FC137-395E-2D09-F7FE-30C851DF6B7A}"
EndProject
Project("{8BC9CEB8-8B4A-11D0-8D11-00A0C91BC942}") = "js2c", "..\tools\gyp\js2c.vcxproj", "{F909B426-CF9D-E623-7E0D-BB1E8B41B810}"
EndProject
Project("{8BC9CEB8-8B4A-11D0-8D11-00A0C91BC942}") = "mksnapshot", "..\tools\gyp\mksnapshot.vcxproj", "{882853D2-FA67-AC88-D6D7-DEB6BEFF586A}"
EndProject
Project("{8BC9CEB8-8B4A-11D0-8D11-00A0C91BC942}") = "natives_blob", "..\tools\gyp\natives_blob.vcxproj", "{B3B01506-28BB-BEEC-E226-E107A3B1D5F0}"
EndProject
Project("{8BC9CEB8-8B4A-11D0-8D11-00A0C91BC942}") = "v8", "..\tools\gyp\v8.vcxproj", "{8866D33A-7CF2-6C5B-BC4A-BC8AF2930838}"
EndProject
Project("{8BC9CEB8-8B4A-11D0-8D11-00A0C91BC942}") = "v8_base_0", "..\tools\gyp\v8_base_0.vcxproj", "{85E9872C-A697-6B77-6B8E-09A8768B75F1}"
EndProject
Project("{8BC9CEB8-8B4A-11D0-8D11-00A0C91BC942}") = "v8_base_1", "..\tools\gyp\v8_base_1.vcxproj", "{161D972E-BEF0-D3E0-2217-900C74286AED}"
EndProject
Project("{8BC9CEB8-8B4A-11D0-8D11-00A0C91BC942}") = "v8_base_2", "..\tools\gyp\v8_base_2.vcxproj", "{4CF17486-55A5-865A-9417-0A6E3CF8E5B0}"
EndProject
Project("{8BC9CEB8-8B4A-11D0-8D11-00A0C91BC942}") = "v8_base_3", "..\tools\gyp\v8_base_3.vcxproj", "{E8CEE3F2-EB7C-BF49-8885-87F2B4121F2E}"
EndProject
Project("{8BC9CEB8-8B4A-11D0-8D11-00A0C91BC942}") = "v8_external_snapshot", "..\tools\gyp\v8_external_snapshot.vcxproj", "{2734BD5B-39FB-5841-A8B8-1EBF8C824997}"
EndProject
Project("{8BC9CEB8-8B4A-11D0-8D11-00A0C91BC942}") = "v8_libbase", "..\tools\gyp\v8_libbase.vcxproj", "{6FBC6B55-CA6C-DEFA-D0BC-43A588577F5C}"
EndProject
Project("{8BC9CEB8-8B4A-11D0-8D11-00A0C91BC942}") = "v8_libplatform", "..\tools\gyp\v8_libplatform.vcxproj", "{00F16B78-051F-702E-8F6B-C93066A9590F}"
EndProject
Project("{8BC9CEB8-8B4A-11D0-8D11-00A0C91BC942}") = "v8_maybe_snapshot", "..\tools\gyp\v8_maybe_snapshot.vcxproj", "{37871849-18A4-58EB-C963-E0D0DCEAF847}"
EndProject
Project("{8BC9CEB8-8B4A-11D0-8D11-00A0C91BC942}") = "v8_nosnapshot", "..\tools\gyp\v8_nosnapshot.vcxproj", "{58D4E80A-ADC8-1992-75FB-F222C9943E9C}"
EndProject
Global
	GlobalSection(SolutionConfigurationPlatforms) = preSolution
		Debug|x64 = Debug|x64
		Debug|Win32 = Debug|Win32
		Release|x64 = Release|x64
		Release|Win32 = Release|Win32
	EndGlobalSection
	GlobalSection(ProjectConfigurationPlatforms) = postSolution
		{00F16B78-051F-702E-8F6B-C93066A9590F}.Debug|x64.ActiveCfg = Debug|x64
		{00F16B78-051F-702E-8F6B-C93066A9590F}.Debug|x64.Build.0 = Debug|x64
		{00F16B78-051F-702E-8F6B-C93066A9590F}.Debug|Win32.ActiveCfg = Debug|Win32
		{00F16B78-051F-702E-8F6B-C93066A9590F}.Debug|Win32.Build.0 = Debug|Win32
		{00F16B78-051F-702E-8F6B-C93066A9590F}.Release|x64.ActiveCfg = Release|x64
		{00F16B78-051F-702E-8F6B-C93066A9590F}.Release|x64.Build.0 = Release|x64
		{00F16B78-051F-702E-8F6B-C93066A9590F}.Release|Win32.ActiveCfg = Release|Win32
		{00F16B78-051F-702E-8F6B-C93066A9590F}.Release|Win32.Build.0 = Release|Win32
		{13F2A594-4F49-36E9-341B-0C45F4ADE4D6}.Debug|x64.ActiveCfg = Debug|x64
		{13F2A594-4F49-36E9-341B-0C45F4ADE4D6}.Debug|x64.Build.0 = Debug|x64
		{13F2A594-4F49-36E9-341B-0C45F4ADE4D6}.Debug|Win32.ActiveCfg = Debug|Win32
		{13F2A594-4F49-36E9-341B-0C45F4ADE4D6}.Debug|Win32.Build.0 = Debug|Win32
		{13F2A594-4F49-36E9-341B-0C45F4ADE4D6}.Release|x64.ActiveCfg = Release|x64
		{13F2A594-4F49-36E9-341B-0C45F4ADE4D6}.Release|x64.Build.0 = Release|x64
		{13F2A594-4F49-36E9-341B-0C45F4ADE4D6}.Release|Win32.ActiveCfg = Release|Win32
		{13F2A594-4F49-36E9-341B-0C45F4ADE4D6}.Release|Win32.Build.0 = Release|Win32
		{161D972E-BEF0-D3E0-2217-900C74286AED}.Debug|x64.ActiveCfg = Debug|x64
		{161D972E-BEF0-D3E0-2217-900C74286AED}.Debug|x64.Build.0 = Debug|x64
		{161D972E-BEF0-D3E0-2217-900C74286AED}.Debug|Win32.ActiveCfg = Debug|Win32
		{161D972E-BEF0-D3E0-2217-900C74286AED}.Debug|Win32.Build.0 = Debug|Win32
		{161D972E-BEF0-D3E0-2217-900C74286AED}.Release|x64.ActiveCfg = Release|x64
		{161D972E-BEF0-D3E0-2217-900C74286AED}.Release|x64.Build.0 = Release|x64
		{161D972E-BEF0-D3E0-2217-900C74286AED}.Release|Win32.ActiveCfg = Release|Win32
		{161D972E-BEF0-D3E0-2217-900C74286AED}.Release|Win32.Build.0 = Release|Win32
		{2734BD5B-39FB-5841-A8B8-1EBF8C824997}.Debug|x64.ActiveCfg = Debug|x64
		{2734BD5B-39FB-5841-A8B8-1EBF8C824997}.Debug|x64.Build.0 = Debug|x64
		{2734BD5B-39FB-5841-A8B8-1EBF8C824997}.Debug|Win32.ActiveCfg = Debug|Win32
		{2734BD5B-39FB-5841-A8B8-1EBF8C824997}.Debug|Win32.Build.0 = Debug|Win32
		{2734BD5B-39FB-5841-A8B8-1EBF8C824997}.Release|x64.ActiveCfg = Release|x64
		{2734BD5B-39FB-5841-A8B8-1EBF8C824997}.Release|x64.Build.0 = Release|x64
		{2734BD5B-39FB-5841-A8B8-1EBF8C824997}.Release|Win32.ActiveCfg = Release|Win32
		{2734BD5B-39FB-5841-A8B8-1EBF8C824997}.Release|Win32.Build.0 = Release|Win32
		{37871849-18A4-58EB-C963-E0D0DCEAF847}.Debug|x64.ActiveCfg = Debug|x64
		{37871849-18A4-58EB-C963-E0D0DCEAF847}.Debug|x64.Build.0 = Debug|x64
		{37871849-18A4-58EB-C963-E0D0DCEAF847}.Debug|Win32.ActiveCfg = Debug|Win32
		{37871849-18A4-58EB-C963-E0D0DCEAF847}.Debug|Win32.Build.0 = Debug|Win32
		{37871849-18A4-58EB-C963-E0D0DCEAF847}.Release|x64.ActiveCfg = Release|x64
		{37871849-18A4-58EB-C963-E0D0DCEAF847}.Release|x64.Build.0 = Release|x64
		{37871849-18A4-58EB-C963-E0D0DCEAF847}.Release|Win32.ActiveCfg = Release|Win32
		{37871849-18A4-58EB-C963-E0D0DCEAF847}.Release|Win32.Build.0 = Release|Win32
		{4CF17486-55A5-865A-9417-0A6E3CF8E5B0}.Debug|x64.ActiveCfg = Debug|x64
		{4CF17486-55A5-865A-9417-0A6E3CF8E5B0}.Debug|x64.Build.0 = Debug|x64
		{4CF17486-55A5-865A-9417-0A6E3CF8E5B0}.Debug|Win32.ActiveCfg = Debug|Win32
		{4CF17486-55A5-865A-9417-0A6E3CF8E5B0}.Debug|Win32.Build.0 = Debug|Win32
		{4CF17486-55A5-865A-9417-0A6E3CF8E5B0}.Release|x64.ActiveCfg = Release|x64
		{4CF17486-55A5-865A-9417-0A6E3CF8E5B0}.Release|x64.Build.0 = Release|x64
		{4CF17486-55A5-865A-9417-0A6E3CF8E5B0}.Release|Win32.ActiveCfg = Release|Win32
		{4CF17486-55A5-865A-9417-0A6E3CF8E5B0}.Release|Win32.Build.0 = Release|Win32
		{58D4E80A-ADC8-1992-75FB-F222C9943E9C}.Debug|x64.ActiveCfg = Debug|x64
		{58D4E80A-ADC8-1992-75FB-F222C9943E9C}.Debug|x64.Build.0 = Debug|x64
		{58D4E80A-ADC8-1992-75FB-F222C9943E9C}.Debug|Win32.ActiveCfg = Debug|Win32
		{58D4E80A-ADC8-1992-75FB-F222C9943E9C}.Debug|Win32.Build.0 = Debug|Win32
		{58D4E80A-ADC8-1992-75FB-F222C9943E9C}.Release|x64.ActiveCfg = Release|x64
		{58D4E80A-ADC8-1992-75FB-F222C9943E9C}.Release|x64.Build.0 = Release|x64
		{58D4E80A-ADC8-1992-75FB-F222C9943E9C}.Release|Win32.ActiveCfg = Release|Win32
		{58D4E80A-ADC8-1992-75FB-F222C9943E9C}.Release|Win32.Build.0 = Release|Win32
		{5DD7D45F-7BF3-4FAF-8064-59F299F76C79}.Debug|x64.ActiveCfg = Debug|x64
		{5DD7D45F-7BF3-4FAF-8064-59F299F76C79}.Debug|x64.Build.0 = Debug|x64
		{5DD7D45F-7BF3-4FAF-8064-59F299F76C79}.Debug|Win32.ActiveCfg = Debug|Win32
		{5DD7D45F-7BF3-4FAF-8064-59F299F76C79}.Debug|Win32.Build.0 = Debug|Win32
		{5DD7D45F-7BF3-4FAF-8064-59F299F76C79}.Release|x64.ActiveCfg = Release|x64
		{5DD7D45F-7BF3-4FAF-8064-59F299F76C79}.Release|x64.Build.0 = Release|x64
		{5DD7D45F-7BF3-4FAF-8064-59F299F76C79}.Release|Win32.ActiveCfg = Release|Win32
		{5DD7D45F-7BF3-4FAF-8064-59F299F76C79}.Release|Win32.Build.0 = Release|Win32
		{62F230DB-3510-9984-FD13-B1A5139F1914}.Debug|x64.ActiveCfg = Debug|x64
		{62F230DB-3510-9984-FD13-B1A5139F1914}.Debug|x64.Build.0 = Debug|x64
		{62F230DB-3510-9984-FD13-B1A5139F1914}.Debug|Win32.ActiveCfg = Debug|Win32
		{62F230DB-3510-9984-FD13-B1A5139F1914}.Debug|Win32.Build.0 = Debug|Win32
		{62F230DB-3510-9984-FD13-B1A5139F1914}.Release|x64.ActiveCfg = Release|x64
		{62F230DB-3510-9984-FD13-B1A5139F1914}.Release|x64.Build.0 = Release|x64
		{62F230DB-3510-9984-FD13-B1A5139F1914}.Release|Win32.ActiveCfg = Release|Win32
		{62F230DB-3510-9984-FD13-B1A5139F1914}.Release|Win32.Build.0 = Release|Win32
		{6FBC6B55-CA6C-DEFA-D0BC-43A588577F5C}.Debug|x64.ActiveCfg = Debug|x64
		{6FBC6B55-CA6C-DEFA-D0BC-43A588577F5C}.Debug|x64.Build.0 = Debug|x64
		{6FBC6B55-CA6C-DEFA-D0BC-43A588577F5C}.Debug|Win32.ActiveCfg = Debug|Win32
		{6FBC6B55-CA6C-DEFA-D0BC-43A588577F5C}.Debug|Win32.Build.0 = Debug|Win32
		{6FBC6B55-CA6C-DEFA-D0BC-43A588577F5C}.Release|x64.ActiveCfg = Release|x64
		{6FBC6B55-CA6C-DEFA-D0BC-43A588577F5C}.Release|x64.Build.0 = Release|x64
		{6FBC6B55-CA6C-DEFA-D0BC-43A588577F5C}.Release|Win32.ActiveCfg = Release|Win32
		{6FBC6B55-CA6C-DEFA-D0BC-43A588577F5C}.Release|Win32.Build.0 = Release|Win32
		{7D2FC137-395E-2D09-F7FE-30C851DF6B7A}.Debug|x64.ActiveCfg = Debug|x64
		{7D2FC137-395E-2D09-F7FE-30C851DF6B7A}.Debug|x64.Build.0 = Debug|x64
		{7D2FC137-395E-2D09-F7FE-30C851DF6B7A}.Debug|Win32.ActiveCfg = Debug|Win32
		{7D2FC137-395E-2D09-F7FE-30C851DF6B7A}.Debug|Win32.Build.0 = Debug|Win32
		{7D2FC137-395E-2D09-F7FE-30C851DF6B7A}.Release|x64.ActiveCfg = Release|x64
		{7D2FC137-395E-2D09-F7FE-30C851DF6B7A}.Release|x64.Build.0 = Release|x64
		{7D2FC137-395E-2D09-F7FE-30C851DF6B7A}.Release|Win32.ActiveCfg = Release|Win32
		{7D2FC137-395E-2D09-F7FE-30C851DF6B7A}.Release|Win32.Build.0 = Release|Win32
		{85E9872C-A697-6B77-6B8E-09A8768B75F1}.Debug|x64.ActiveCfg = Debug|x64
		{85E9872C-A697-6B77-6B8E-09A8768B75F1}.Debug|x64.Build.0 = Debug|x64
		{85E9872C-A697-6B77-6B8E-09A8768B75F1}.Debug|Win32.ActiveCfg = Debug|Win32
		{85E9872C-A697-6B77-6B8E-09A8768B75F1}.Debug|Win32.Build.0 = Debug|Win32
		{85E9872C-A697-6B77-6B8E-09A8768B75F1}.Release|x64.ActiveCfg = Release|x64
		{85E9872C-A697-6B77-6B8E-09A8768B75F1}.Release|x64.Build.0 = Release|x64
		{85E9872C-A697-6B77-6B8E-09A8768B75F1}.Release|Win32.ActiveCfg = Release|Win32
		{85E9872C-A697-6B77-6B8E-09A8768B75F1}.Release|Win32.Build.0 = Release|Win32
		{882853D2-FA67-AC88-D6D7-DEB6BEFF586A}.Debug|x64.ActiveCfg = Debug|x64
		{882853D2-FA67-AC88-D6D7-DEB6BEFF586A}.Debug|x64.Build.0 = Debug|x64
		{882853D2-FA67-AC88-D6D7-DEB6BEFF586A}.Debug|Win32.ActiveCfg = Debug|Win32
		{882853D2-FA67-AC88-D6D7-DEB6BEFF586A}.Debug|Win32.Build.0 = Debug|Win32
		{882853D2-FA67-AC88-D6D7-DEB6BEFF586A}.Release|x64.ActiveCfg = Release|x64
		{882853D2-FA67-AC88-D6D7-DEB6BEFF586A}.Release|x64.Build.0 = Release|x64
		{882853D2-FA67-AC88-D6D7-DEB6BEFF586A}.Release|Win32.ActiveCfg = Release|Win32
		{882853D2-FA67-AC88-D6D7-DEB6BEFF586A}.Release|Win32.Build.0 = Release|Win32
		{8866D33A-7CF2-6C5B-BC4A-BC8AF2930838}.Debug|x64.ActiveCfg = Debug|x64
		{8866D33A-7CF2-6C5B-BC4A-BC8AF2930838}.Debug|x64.Build.0 = Debug|x64
		{8866D33A-7CF2-6C5B-BC4A-BC8AF2930838}.Debug|Win32.ActiveCfg = Debug|Win32
		{8866D33A-7CF2-6C5B-BC4A-BC8AF2930838}.Debug|Win32.Build.0 = Debug|Win32
		{8866D33A-7CF2-6C5B-BC4A-BC8AF2930838}.Release|x64.ActiveCfg = Release|x64
		{8866D33A-7CF2-6C5B-BC4A-BC8AF2930838}.Release|x64.Build.0 = Release|x64
		{8866D33A-7CF2-6C5B-BC4A-BC8AF2930838}.Release|Win32.ActiveCfg = Release|Win32
		{8866D33A-7CF2-6C5B-BC4A-BC8AF2930838}.Release|Win32.Build.0 = Release|Win32
		{A7D26319-D3BF-EB93-F552-B3A39660CE84}.Debug|x64.ActiveCfg = Debug|x64
		{A7D26319-D3BF-EB93-F552-B3A39660CE84}.Debug|x64.Build.0 = Debug|x64
		{A7D26319-D3BF-EB93-F552-B3A39660CE84}.Debug|Win32.ActiveCfg = Debug|Win32
		{A7D26319-D3BF-EB93-F552-B3A39660CE84}.Debug|Win32.Build.0 = Debug|Win32
		{A7D26319-D3BF-EB93-F552-B3A39660CE84}.Release|x64.ActiveCfg = Release|x64
		{A7D26319-D3BF-EB93-F552-B3A39660CE84}.Release|x64.Build.0 = Release|x64
		{A7D26319-D3BF-EB93-F552-B3A39660CE84}.Release|Win32.ActiveCfg = Release|Win32
		{A7D26319-D3BF-EB93-F552-B3A39660CE84}.Release|Win32.Build.0 = Release|Win32
		{B3B01506-28BB-BEEC-E226-E107A3B1D5F0}.Debug|x64.ActiveCfg = Debug|x64
		{B3B01506-28BB-BEEC-E226-E107A3B1D5F0}.Debug|x64.Build.0 = Debug|x64
		{B3B01506-28BB-BEEC-E226-E107A3B1D5F0}.Debug|Win32.ActiveCfg = Debug|Win32
		{B3B01506-28BB-BEEC-E226-E107A3B1D5F0}.Debug|Win32.Build.0 = Debug|Win32
		{B3B01506-28BB-BEEC-E226-E107A3B1D5F0}.Release|x64.ActiveCfg = Release|x64
		{B3B01506-28BB-BEEC-E226-E107A3B1D5F0}.Release|x64.Build.0 = Release|x64
		{B3B01506-28BB-BEEC-E226-E107A3B1D5F0}.Release|Win32.ActiveCfg = Release|Win32
		{B3B01506-28BB-BEEC-E226-E107A3B1D5F0}.Release|Win32.Build.0 = Release|Win32
		{BFCB5D07-5CBC-68B3-9444-CAAFB10592C6}.Debug|x64.ActiveCfg = Debug|x64
		{BFCB5D07-5CBC-68B3-9444-CAAFB10592C6}.Debug|x64.Build.0 = Debug|x64
		{BFCB5D07-5CBC-68B3-9444-CAAFB10592C6}.Debug|Win32.ActiveCfg = Debug|Win32
		{BFCB5D07-5CBC-68B3-9444-CAAFB10592C6}.Debug|Win32.Build.0 = Debug|Win32
		{BFCB5D07-5CBC-68B3-9444-CAAFB10592C6}.Release|x64.ActiveCfg = Release|x64
		{BFCB5D07-5CBC-68B3-9444-CAAFB10592C6}.Release|x64.Build.0 = Release|x64
		{BFCB5D07-5CBC-68B3-9444-CAAFB10592C6}.Release|Win32.ActiveCfg = Release|Win32
		{BFCB5D07-5CBC-68B3-9444-CAAFB10592C6}.Release|Win32.Build.0 = Release|Win32
		{E8CEE3F2-EB7C-BF49-8885-87F2B4121F2E}.Debug|x64.ActiveCfg = Debug|x64
		{E8CEE3F2-EB7C-BF49-8885-87F2B4121F2E}.Debug|x64.Build.0 = Debug|x64
		{E8CEE3F2-EB7C-BF49-8885-87F2B4121F2E}.Debug|Win32.ActiveCfg = Debug|Win32
		{E8CEE3F2-EB7C-BF49-8885-87F2B4121F2E}.Debug|Win32.Build.0 = Debug|Win32
		{E8CEE3F2-EB7C-BF49-8885-87F2B4121F2E}.Release|x64.ActiveCfg = Release|x64
		{E8CEE3F2-EB7C-BF49-8885-87F2B4121F2E}.Release|x64.Build.0 = Release|x64
		{E8CEE3F2-EB7C-BF49-8885-87F2B4121F2E}.Release|Win32.ActiveCfg = Release|Win32
		{E8CEE3F2-EB7C-BF49-8885-87F2B4121F2E}.Release|Win32.Build.0 = Release|Win32
		{F909B426-CF9D-E623-7E0D-BB1E8B41B810}.Debug|x64.ActiveCfg = Debug|x64
		{F909B426-CF9D-E623-7E0D-BB1E8B41B810}.Debug|x64.Build.0 = Debug|x64
		{F909B426-CF9D-E623-7E0D-BB1E8B41B810}.Debug|Win32.ActiveCfg = Debug|Win32
		{F909B426-CF9D-E623-7E0D-BB1E8B41B810}.Debug|Win32.Build.0 = Debug|Win32
		{F909B426-CF9D-E623-7E0D-BB1E8B41B810}.Release|x64.ActiveCfg = Release|x64
		{F909B426-CF9D-E623-7E0D-BB1E8B41B810}.Release|x64.Build.0 = Release|x64
		{F909B426-CF9D-E623-7E0D-BB1E8B41B810}.Release|Win32.ActiveCfg = Release|Win32
		{F909B426-CF9D-E623-7E0D-BB1E8B41B810}.Release|Win32.Build.0 = Release|Win32
	EndGlobalSection
	GlobalSection(SolutionProperties) = preSolution
		HideSolutionNode = FALSE
	EndGlobalSection
	GlobalSection(NestedProjects) = preSolution
		{F909B426-CF9D-E623-7E0D-BB1E8B41B810} = {7FAA885C-04CF-4C6B-16F0-E9F0B44641AF}
		{882853D2-FA67-AC88-D6D7-DEB6BEFF586A} = {7FAA885C-04CF-4C6B-16F0-E9F0B44641AF}
		{B3B01506-28BB-BEEC-E226-E107A3B1D5F0} = {7FAA885C-04CF-4C6B-16F0-E9F0B44641AF}
		{8866D33A-7CF2-6C5B-BC4A-BC8AF2930838} = {7FAA885C-04CF-4C6B-16F0-E9F0B44641AF}
		{85E9872C-A697-6B77-6B8E-09A8768B75F1} = {7FAA885C-04CF-4C6B-16F0-E9F0B44641AF}
		{161D972E-BEF0-D3E0-2217-900C74286AED} = {7FAA885C-04CF-4C6B-16F0-E9F0B44641AF}
		{4CF17486-55A5-865A-9417-0A6E3CF8E5B0} = {7FAA885C-04CF-4C6B-16F0-E9F0B44641AF}
		{E8CEE3F2-EB7C-BF49-8885-87F2B4121F2E} = {7FAA885C-04CF-4C6B-16F0-E9F0B44641AF}
		{2734BD5B-39FB-5841-A8B8-1EBF8C824997} = {7FAA885C-04CF-4C6B-16F0-E9F0B44641AF}
		{6FBC6B55-CA6C-DEFA-D0BC-43A588577F5C} = {7FAA885C-04CF-4C6B-16F0-E9F0B44641AF}
		{00F16B78-051F-702E-8F6B-C93066A9590F} = {7FAA885C-04CF-4C6B-16F0-E9F0B44641AF}
		{37871849-18A4-58EB-C963-E0D0DCEAF847} = {7FAA885C-04CF-4C6B-16F0-E9F0B44641AF}
		{58D4E80A-ADC8-1992-75FB-F222C9943E9C} = {7FAA885C-04CF-4C6B-16F0-E9F0B44641AF}
		{BFCB5D07-5CBC-68B3-9444-CAAFB10592C6} = {2DE59335-96CE-10CA-CDE5-FEC35E3549BB}
		{5DD7D45F-7BF3-4FAF-8064-59F299F76C79} = {2DE59335-96CE-10CA-CDE5-FEC35E3549BB}
		{A7D26319-D3BF-EB93-F552-B3A39660CE84} = {2DE59335-96CE-10CA-CDE5-FEC35E3549BB}
		{7D2FC137-395E-2D09-F7FE-30C851DF6B7A} = {2DE59335-96CE-10CA-CDE5-FEC35E3549BB}
		{62F230DB-3510-9984-FD13-B1A5139F1914} = {02A4E4A2-4BC8-D359-E2D8-1B05EE708A55}
		{13F2A594-4F49-36E9-341B-0C45F4ADE4D6} = {02A4E4A2-4BC8-D359-E2D8-1B05EE708A55}
		{2DE59335-96CE-10CA-CDE5-FEC35E3549BB} = {89C816A7-DD31-D54C-C69C-5A80E0C49B77}
		{7FAA885C-04CF-4C6B-16F0-E9F0B44641AF} = {E95778BD-E4AC-C3D0-84EF-83684E04593A}
		{02A4E4A2-4BC8-D359-E2D8-1B05EE708A55} = {F3545621-A177-A1E7-26DB-108FF716F075}
		{E95778BD-E4AC-C3D0-84EF-83684E04593A} = {F3545621-A177-A1E7-26DB-108FF716F075}
	EndGlobalSection
EndGlobal
