<?xml version="1.0" encoding="utf-8"?>
<Project ToolsVersion="4.0" xmlns="http://schemas.microsoft.com/developer/msbuild/2003">
  <ItemGroup>
    <Filter Include="..">
      <UniqueIdentifier>{739DB09A-CC57-A953-A6CF-F64FA08E4FA7}</UniqueIdentifier>
    </Filter>
    <Filter Include="..\tools">
      <UniqueIdentifier>{A0946190-5491-4D66-7E51-19400E36F078}</UniqueIdentifier>
    </Filter>
  </ItemGroup>
  <ItemGroup>
    <None Include="d8.gyp"/>
    <None Include="..\tools\js2c.py">
      <Filter>..\tools</Filter>
    </None>
    <None Include="d8.js"/>
    <None Include="macros.py"/>
  </ItemGroup>
</Project>
